
Microsoft Visual Studio Solution File, Format Version 12.00
Project("{FAE04EC0-301F-11D3-BF4B-00C04F79EFBC}") = "CppCompiler", "CppCompiler.csproj", "{C5D8ED55-751A-459B-B3EA-634C0FE66102}"
EndProject
Global
	GlobalSection(SolutionConfigurationPlatforms) = preSolution
		Debug|Any CPU = Debug|Any CPU
		Release|Any CPU = Release|Any CPU
	EndGlobalSection
	GlobalSection(ProjectConfigurationPlatforms) = postSolution
		{C5D8ED55-751A-459B-B3EA-634C0FE66102}.Debug|Any CPU.ActiveCfg = Debug|Any CPU
		{C5D8ED55-751A-459B-B3EA-634C0FE66102}.Debug|Any CPU.Build.0 = Debug|Any CPU
		{C5D8ED55-751A-459B-B3EA-634C0FE66102}.Release|Any CPU.ActiveCfg = Release|Any CPU
		{C5D8ED55-751A-459B-B3EA-634C0FE66102}.Release|Any CPU.Build.0 = Release|Any CPU
	EndGlobalSection
EndGlobal
